// !$*UTF8*$!
{
	archiveVersion = 1;
	classes = {
	};
	objectVersion = 77;
	objects = {

/* Begin PBXBuildFile section */
		087D3F482DA7A3FF002F924D /* MLSPresentation.framework in Frameworks */ = {isa = PBXBuildFile; fileRef = 087D3F462DA7A3F4002F924D /* MLSPresentation.framework */; };
		087D3F492DA7A3FF002F924D /* MLSPresentation.framework in Embed Frameworks */ = {isa = PBXBuildFile; fileRef = 087D3F462DA7A3F4002F924D /* MLSPresentation.framework */; settings = {ATTRIBUTES = (CodeSignOnCopy, RemoveHeadersOnCopy, ); }; };
		087D3F912DA7A795002F924D /* MLSDomain.framework in Frameworks */ = {isa = PBXBuildFile; fileRef = 087D3F902DA7A795002F924D /* MLSDomain.framework */; };
		087D3F922DA7A795002F924D /* MLSDomain.framework in Embed Frameworks */ = {isa = PBXBuildFile; fileRef = 087D3F902DA7A795002F924D /* MLSDomain.framework */; settings = {ATTRIBUTES = (CodeSignOnCopy, RemoveHeadersOnCopy, ); }; };
		087D3F942DA7A798002F924D /* MLSData.framework in Frameworks */ = {isa = PBXBuildFile; fileRef = 087D3F932DA7A798002F924D /* MLSData.framework */; };
		087D3F952DA7A798002F924D /* MLSData.framework in Embed Frameworks */ = {isa = PBXBuildFile; fileRef = 087D3F932DA7A798002F924D /* MLSData.framework */; settings = {ATTRIBUTES = (CodeSignOnCopy, RemoveHeadersOnCopy, ); }; };
/* End PBXBuildFile section */

/* Begin PBXContainerItemProxy section */
		087D3F452DA7A3F4002F924D /* PBXContainerItemProxy */ = {
			isa = PBXContainerItemProxy;
			containerPortal = 087D3F3E2DA7A3F4002F924D /* MLSPresentation.xcodeproj */;
			proxyType = 2;
			remoteGlobalIDString = 087D3F312DA7A3B3002F924D;
			remoteInfo = MLSPresentation;
		};
/* End PBXContainerItemProxy section */

/* Begin PBXCopyFilesBuildPhase section */
		087D3F4A2DA7A3FF002F924D /* Embed Frameworks */ = {
			isa = PBXCopyFilesBuildPhase;
			buildActionMask = 2147483647;
			dstPath = "";
			dstSubfolderSpec = 10;
			files = (
				087D3F952DA7A798002F924D /* MLSData.framework in Embed Frameworks */,
				087D3F492DA7A3FF002F924D /* MLSPresentation.framework in Embed Frameworks */,
				087D3F922DA7A795002F924D /* MLSDomain.framework in Embed Frameworks */,
			);
			name = "Embed Frameworks";
			runOnlyForDeploymentPostprocessing = 0;
		};
/* End PBXCopyFilesBuildPhase section */

/* Begin PBXFileReference section */
		087D3EE82DA7972C002F924D /* MLS.app */ = {isa = PBXFileReference; explicitFileType = wrapper.application; includeInIndex = 0; path = MLS.app; sourceTree = BUILT_PRODUCTS_DIR; };
		087D3F3C2DA7A3F4002F924D /* MLSPresentation.h */ = {isa = PBXFileReference; lastKnownFileType = sourcecode.c.h; path = MLSPresentation.h; sourceTree = "<group>"; };
		087D3F3E2DA7A3F4002F924D /* MLSPresentation.xcodeproj */ = {isa = PBXFileReference; lastKnownFileType = "wrapper.pb-project"; path = MLSPresentation.xcodeproj; sourceTree = "<group>"; };
		087D3F632DA7A747002F924D /* MLSData.h */ = {isa = PBXFileReference; lastKnownFileType = sourcecode.c.h; path = MLSData.h; sourceTree = "<group>"; };
		087D3F652DA7A747002F924D /* MLSData.xcodeproj */ = {isa = PBXFileReference; lastKnownFileType = "wrapper.pb-project"; path = MLSData.xcodeproj; sourceTree = "<group>"; };
		087D3F852DA7A77B002F924D /* MLSDomain.h */ = {isa = PBXFileReference; lastKnownFileType = sourcecode.c.h; path = MLSDomain.h; sourceTree = "<group>"; };
		087D3F872DA7A77B002F924D /* MLSDomain.xcodeproj */ = {isa = PBXFileReference; lastKnownFileType = "wrapper.pb-project"; path = MLSDomain.xcodeproj; sourceTree = "<group>"; };
		087D3F902DA7A795002F924D /* MLSDomain.framework */ = {isa = PBXFileReference; explicitFileType = wrapper.framework; path = MLSDomain.framework; sourceTree = BUILT_PRODUCTS_DIR; };
		087D3F932DA7A798002F924D /* MLSData.framework */ = {isa = PBXFileReference; explicitFileType = wrapper.framework; path = MLSData.framework; sourceTree = BUILT_PRODUCTS_DIR; };
/* End PBXFileReference section */

/* Begin PBXFileSystemSynchronizedBuildFileExceptionSet section */
		087D3EFA2DA7972D002F924D /* Exceptions for "MLS" folder in "MLS" target */ = {
			isa = PBXFileSystemSynchronizedBuildFileExceptionSet;
			membershipExceptions = (
				Info.plist,
			);
			target = 087D3EE72DA7972C002F924D /* MLS */;
		};
/* End PBXFileSystemSynchronizedBuildFileExceptionSet section */

/* Begin PBXFileSystemSynchronizedRootGroup section */
		087D3EEA2DA7972C002F924D /* MLS */ = {
			isa = PBXFileSystemSynchronizedRootGroup;
			exceptions = (
				087D3EFA2DA7972D002F924D /* Exceptions for "MLS" folder in "MLS" target */,
			);
			path = MLS;
			sourceTree = "<group>";
		};
/* End PBXFileSystemSynchronizedRootGroup section */

/* Begin PBXFrameworksBuildPhase section */
		087D3EE52DA7972C002F924D /* Frameworks */ = {
			isa = PBXFrameworksBuildPhase;
			buildActionMask = 2147483647;
			files = (
				087D3F942DA7A798002F924D /* MLSData.framework in Frameworks */,
				087D3F482DA7A3FF002F924D /* MLSPresentation.framework in Frameworks */,
				087D3F912DA7A795002F924D /* MLSDomain.framework in Frameworks */,
			);
			runOnlyForDeploymentPostprocessing = 0;
		};
/* End PBXFrameworksBuildPhase section */

/* Begin PBXGroup section */
		087D3EDF2DA7972C002F924D = {
			isa = PBXGroup;
			children = (
				087D3EEA2DA7972C002F924D /* MLS */,
				087D3F3F2DA7A3F4002F924D /* MLSPresentation */,
				087D3F882DA7A77B002F924D /* MLSDomain */,
				087D3F662DA7A747002F924D /* MLSData */,
				087D3F472DA7A3FF002F924D /* Frameworks */,
				087D3EE92DA7972C002F924D /* Products */,
			);
			sourceTree = "<group>";
		};
		087D3EE92DA7972C002F924D /* Products */ = {
			isa = PBXGroup;
			children = (
				087D3EE82DA7972C002F924D /* MLS.app */,
			);
			name = Products;
			sourceTree = "<group>";
		};
		087D3F3D2DA7A3F4002F924D /* MLSPresentation */ = {
			isa = PBXGroup;
			children = (
				087D3F3C2DA7A3F4002F924D /* MLSPresentation.h */,
			);
			path = MLSPresentation;
			sourceTree = "<group>";
		};
		087D3F3F2DA7A3F4002F924D /* MLSPresentation */ = {
			isa = PBXGroup;
			children = (
				087D3F3D2DA7A3F4002F924D /* MLSPresentation */,
				087D3F3E2DA7A3F4002F924D /* MLSPresentation.xcodeproj */,
			);
			path = MLSPresentation;
			sourceTree = "<group>";
		};
		087D3F402DA7A3F4002F924D /* Products */ = {
			isa = PBXGroup;
			children = (
				087D3F462DA7A3F4002F924D /* MLSPresentation.framework */,
			);
			name = Products;
			sourceTree = "<group>";
		};
		087D3F472DA7A3FF002F924D /* Frameworks */ = {
			isa = PBXGroup;
			children = (
				087D3F932DA7A798002F924D /* MLSData.framework */,
				087D3F902DA7A795002F924D /* MLSDomain.framework */,
			);
			name = Frameworks;
			sourceTree = "<group>";
		};
		087D3F642DA7A747002F924D /* MLSData */ = {
			isa = PBXGroup;
			children = (
				087D3F632DA7A747002F924D /* MLSData.h */,
			);
			path = MLSData;
			sourceTree = "<group>";
		};
		087D3F662DA7A747002F924D /* MLSData */ = {
			isa = PBXGroup;
			children = (
				087D3F642DA7A747002F924D /* MLSData */,
				087D3F652DA7A747002F924D /* MLSData.xcodeproj */,
			);
			path = MLSData;
			sourceTree = "<group>";
		};
		087D3F862DA7A77B002F924D /* MLSDomain */ = {
			isa = PBXGroup;
			children = (
				087D3F852DA7A77B002F924D /* MLSDomain.h */,
			);
			path = MLSDomain;
			sourceTree = "<group>";
		};
		087D3F882DA7A77B002F924D /* MLSDomain */ = {
			isa = PBXGroup;
			children = (
				087D3F862DA7A77B002F924D /* MLSDomain */,
				087D3F872DA7A77B002F924D /* MLSDomain.xcodeproj */,
			);
			path = MLSDomain;
			sourceTree = "<group>";
		};
/* End PBXGroup section */

/* Begin PBXNativeTarget section */
		087D3EE72DA7972C002F924D /* MLS */ = {
			isa = PBXNativeTarget;
			buildConfigurationList = 087D3EFB2DA7972D002F924D /* Build configuration list for PBXNativeTarget "MLS" */;
			buildPhases = (
				087D3EE42DA7972C002F924D /* Sources */,
				087D3EE52DA7972C002F924D /* Frameworks */,
				087D3EE62DA7972C002F924D /* Resources */,
				087D3F4A2DA7A3FF002F924D /* Embed Frameworks */,
			);
			buildRules = (
			);
			dependencies = (
			);
			fileSystemSynchronizedGroups = (
				087D3EEA2DA7972C002F924D /* MLS */,
			);
			name = MLS;
			packageProductDependencies = (
			);
			productName = MLS;
			productReference = 087D3EE82DA7972C002F924D /* MLS.app */;
			productType = "com.apple.product-type.application";
		};
/* End PBXNativeTarget section */

/* Begin PBXProject section */
		087D3EE02DA7972C002F924D /* Project object */ = {
			isa = PBXProject;
			attributes = {
				BuildIndependentTargetsInParallel = 1;
				LastSwiftUpdateCheck = 1620;
				LastUpgradeCheck = 1620;
				TargetAttributes = {
					087D3EE72DA7972C002F924D = {
						CreatedOnToolsVersion = 16.2;
					};
				};
			};
			buildConfigurationList = 087D3EE32DA7972C002F924D /* Build configuration list for PBXProject "MLS" */;
			developmentRegion = en;
			hasScannedForEncodings = 0;
			knownRegions = (
				en,
				Base,
			);
			mainGroup = 087D3EDF2DA7972C002F924D;
			minimizedProjectReferenceProxies = 1;
			preferredProjectObjectVersion = 77;
			productRefGroup = 087D3EE92DA7972C002F924D /* Products */;
			projectDirPath = "";
			projectReferences = (
				{
					ProductGroup = 087D3F402DA7A3F4002F924D /* Products */;
					ProjectRef = 087D3F3E2DA7A3F4002F924D /* MLSPresentation.xcodeproj */;
				},
			);
			projectRoot = "";
			targets = (
				087D3EE72DA7972C002F924D /* MLS */,
			);
		};
/* End PBXProject section */

/* Begin PBXReferenceProxy section */
		087D3F462DA7A3F4002F924D /* MLSPresentation.framework */ = {
			isa = PBXReferenceProxy;
			fileType = wrapper.framework;
			path = MLSPresentation.framework;
			remoteRef = 087D3F452DA7A3F4002F924D /* PBXContainerItemProxy */;
			sourceTree = BUILT_PRODUCTS_DIR;
		};
/* End PBXReferenceProxy section */

/* Begin PBXResourcesBuildPhase section */
		087D3EE62DA7972C002F924D /* Resources */ = {
			isa = PBXResourcesBuildPhase;
			buildActionMask = 2147483647;
			files = (
			);
			runOnlyForDeploymentPostprocessing = 0;
		};
/* End PBXResourcesBuildPhase section */

/* Begin PBXSourcesBuildPhase section */
		087D3EE42DA7972C002F924D /* Sources */ = {
			isa = PBXSourcesBuildPhase;
			buildActionMask = 2147483647;
			files = (
			);
			runOnlyForDeploymentPostprocessing = 0;
		};
/* End PBXSourcesBuildPhase section */

/* Begin XCBuildConfiguration section */
		087D3EFC2DA7972D002F924D /* Debug */ = {
			isa = XCBuildConfiguration;
			buildSettings = {
				ASSETCATALOG_COMPILER_APPICON_NAME = AppIcon;
				ASSETCATALOG_COMPILER_GLOBAL_ACCENT_COLOR_NAME = AccentColor;
				CODE_SIGN_STYLE = Automatic;
				CURRENT_PROJECT_VERSION = 1;
				GENERATE_INFOPLIST_FILE = YES;
				INFOPLIST_FILE = MLS/Info.plist;
				INFOPLIST_KEY_UIApplicationSupportsIndirectInputEvents = YES;
				INFOPLIST_KEY_UILaunchStoryboardName = LaunchScreen;
				INFOPLIST_KEY_UIMainStoryboardFile = Main;
				INFOPLIST_KEY_UISupportedInterfaceOrientations_iPad = "UIInterfaceOrientationPortrait UIInterfaceOrientationPortraitUpsideDown UIInterfaceOrientationLandscapeLeft UIInterfaceOrientationLandscapeRight";
				INFOPLIST_KEY_UISupportedInterfaceOrientations_iPhone = "UIInterfaceOrientationPortrait UIInterfaceOrientationLandscapeLeft UIInterfaceOrientationLandscapeRight";
				LD_RUNPATH_SEARCH_PATHS = (
					"$(inherited)",
					"@executable_path/Frameworks",
				);
				MARKETING_VERSION = 1.0;
				PRODUCT_BUNDLE_IDENTIFIER = com.donggle.MLS;
				PRODUCT_NAME = "$(TARGET_NAME)";
				SWIFT_EMIT_LOC_STRINGS = YES;
				SWIFT_VERSION = 5.0;
				TARGETED_DEVICE_FAMILY = "1,2";
			};
			name = Debug;
		};
		087D3EFD2DA7972D002F924D /* Release */ = {
			isa = XCBuildConfiguration;
			buildSettings = {
				ASSETCATALOG_COMPILER_APPICON_NAME = AppIcon;
				ASSETCATALOG_COMPILER_GLOBAL_ACCENT_COLOR_NAME = AccentColor;
				CODE_SIGN_STYLE = Automatic;
				CURRENT_PROJECT_VERSION = 1;
				GENERATE_INFOPLIST_FILE = YES;
				INFOPLIST_FILE = MLS/Info.plist;
				INFOPLIST_KEY_UIApplicationSupportsIndirectInputEvents = YES;
				INFOPLIST_KEY_UILaunchStoryboardName = LaunchScreen;
				INFOPLIST_KEY_UIMainStoryboardFile = Main;
				INFOPLIST_KEY_UISupportedInterfaceOrientations_iPad = "UIInterfaceOrientationPortrait UIInterfaceOrientationPortraitUpsideDown UIInterfaceOrientationLandscapeLeft UIInterfaceOrientationLandscapeRight";
				INFOPLIST_KEY_UISupportedInterfaceOrientations_iPhone = "UIInterfaceOrientationPortrait UIInterfaceOrientationLandscapeLeft UIInterfaceOrientationLandscapeRight";
				LD_RUNPATH_SEARCH_PATHS = (
					"$(inherited)",
					"@executable_path/Frameworks",
				);
				MARKETING_VERSION = 1.0;
				PRODUCT_BUNDLE_IDENTIFIER = com.donggle.MLS;
				PRODUCT_NAME = "$(TARGET_NAME)";
				SWIFT_EMIT_LOC_STRINGS = YES;
				SWIFT_VERSION = 5.0;
				TARGETED_DEVICE_FAMILY = "1,2";
			};
			name = Release;
		};
		087D3EFE2DA7972D002F924D /* Debug */ = {
			isa = XCBuildConfiguration;
			buildSettings = {
				ALWAYS_SEARCH_USER_PATHS = NO;
				ASSETCATALOG_COMPILER_GENERATE_SWIFT_ASSET_SYMBOL_EXTENSIONS = YES;
				CLANG_ANALYZER_NONNULL = YES;
				CLANG_ANALYZER_NUMBER_OBJECT_CONVERSION = YES_AGGRESSIVE;
				CLANG_CXX_LANGUAGE_STANDARD = "gnu++20";
				CLANG_ENABLE_MODULES = YES;
				CLANG_ENABLE_OBJC_ARC = YES;
				CLANG_ENABLE_OBJC_WEAK = YES;
				CLANG_WARN_BLOCK_CAPTURE_AUTORELEASING = YES;
				CLANG_WARN_BOOL_CONVERSION = YES;
				CLANG_WARN_COMMA = YES;
				CLANG_WARN_CONSTANT_CONVERSION = YES;
				CLANG_WARN_DEPRECATED_OBJC_IMPLEMENTATIONS = YES;
				CLANG_WARN_DIRECT_OBJC_ISA_USAGE = YES_ERROR;
				CLANG_WARN_DOCUMENTATION_COMMENTS = YES;
				CLANG_WARN_EMPTY_BODY = YES;
				CLANG_WARN_ENUM_CONVERSION = YES;
				CLANG_WARN_INFINITE_RECURSION = YES;
				CLANG_WARN_INT_CONVERSION = YES;
				CLANG_WARN_NON_LITERAL_NULL_CONVERSION = YES;
				CLANG_WARN_OBJC_IMPLICIT_RETAIN_SELF = YES;
				CLANG_WARN_OBJC_LITERAL_CONVERSION = YES;
				CLANG_WARN_OBJC_ROOT_CLASS = YES_ERROR;
				CLANG_WARN_QUOTED_INCLUDE_IN_FRAMEWORK_HEADER = YES;
				CLANG_WARN_RANGE_LOOP_ANALYSIS = YES;
				CLANG_WARN_STRICT_PROTOTYPES = YES;
				CLANG_WARN_SUSPICIOUS_MOVE = YES;
				CLANG_WARN_UNGUARDED_AVAILABILITY = YES_AGGRESSIVE;
				CLANG_WARN_UNREACHABLE_CODE = YES;
				CLANG_WARN__DUPLICATE_METHOD_MATCH = YES;
				COPY_PHASE_STRIP = NO;
				DEBUG_INFORMATION_FORMAT = dwarf;
				ENABLE_STRICT_OBJC_MSGSEND = YES;
				ENABLE_TESTABILITY = YES;
				ENABLE_USER_SCRIPT_SANDBOXING = YES;
				GCC_C_LANGUAGE_STANDARD = gnu17;
				GCC_DYNAMIC_NO_PIC = NO;
				GCC_NO_COMMON_BLOCKS = YES;
				GCC_OPTIMIZATION_LEVEL = 0;
				GCC_PREPROCESSOR_DEFINITIONS = (
					"DEBUG=1",
					"$(inherited)",
				);
				GCC_WARN_64_TO_32_BIT_CONVERSION = YES;
				GCC_WARN_ABOUT_RETURN_TYPE = YES_ERROR;
				GCC_WARN_UNDECLARED_SELECTOR = YES;
				GCC_WARN_UNINITIALIZED_AUTOS = YES_AGGRESSIVE;
				GCC_WARN_UNUSED_FUNCTION = YES;
				GCC_WARN_UNUSED_VARIABLE = YES;
				IPHONEOS_DEPLOYMENT_TARGET = 18.2;
				LOCALIZATION_PREFERS_STRING_CATALOGS = YES;
				MTL_ENABLE_DEBUG_INFO = INCLUDE_SOURCE;
				MTL_FAST_MATH = YES;
				ONLY_ACTIVE_ARCH = YES;
				SDKROOT = iphoneos;
				SWIFT_ACTIVE_COMPILATION_CONDITIONS = "DEBUG $(inherited)";
				SWIFT_OPTIMIZATION_LEVEL = "-Onone";
			};
			name = Debug;
		};
		087D3EFF2DA7972D002F924D /* Release */ = {
			isa = XCBuildConfiguration;
			buildSettings = {
				ALWAYS_SEARCH_USER_PATHS = NO;
				ASSETCATALOG_COMPILER_GENERATE_SWIFT_ASSET_SYMBOL_EXTENSIONS = YES;
				CLANG_ANALYZER_NONNULL = YES;
				CLANG_ANALYZER_NUMBER_OBJECT_CONVERSION = YES_AGGRESSIVE;
				CLANG_CXX_LANGUAGE_STANDARD = "gnu++20";
				CLANG_ENABLE_MODULES = YES;
				CLANG_ENABLE_OBJC_ARC = YES;
				CLANG_ENABLE_OBJC_WEAK = YES;
				CLANG_WARN_BLOCK_CAPTURE_AUTORELEASING = YES;
				CLANG_WARN_BOOL_CONVERSION = YES;
				CLANG_WARN_COMMA = YES;
				CLANG_WARN_CONSTANT_CONVERSION = YES;
				CLANG_WARN_DEPRECATED_OBJC_IMPLEMENTATIONS = YES;
				CLANG_WARN_DIRECT_OBJC_ISA_USAGE = YES_ERROR;
				CLANG_WARN_DOCUMENTATION_COMMENTS = YES;
				CLANG_WARN_EMPTY_BODY = YES;
				CLANG_WARN_ENUM_CONVERSION = YES;
				CLANG_WARN_INFINITE_RECURSION = YES;
				CLANG_WARN_INT_CONVERSION = YES;
				CLANG_WARN_NON_LITERAL_NULL_CONVERSION = YES;
				CLANG_WARN_OBJC_IMPLICIT_RETAIN_SELF = YES;
				CLANG_WARN_OBJC_LITERAL_CONVERSION = YES;
				CLANG_WARN_OBJC_ROOT_CLASS = YES_ERROR;
				CLANG_WARN_QUOTED_INCLUDE_IN_FRAMEWORK_HEADER = YES;
				CLANG_WARN_RANGE_LOOP_ANALYSIS = YES;
				CLANG_WARN_STRICT_PROTOTYPES = YES;
				CLANG_WARN_SUSPICIOUS_MOVE = YES;
				CLANG_WARN_UNGUARDED_AVAILABILITY = YES_AGGRESSIVE;
				CLANG_WARN_UNREACHABLE_CODE = YES;
				CLANG_WARN__DUPLICATE_METHOD_MATCH = YES;
				COPY_PHASE_STRIP = NO;
				DEBUG_INFORMATION_FORMAT = "dwarf-with-dsym";
				ENABLE_NS_ASSERTIONS = NO;
				ENABLE_STRICT_OBJC_MSGSEND = YES;
				ENABLE_USER_SCRIPT_SANDBOXING = YES;
				GCC_C_LANGUAGE_STANDARD = gnu17;
				GCC_NO_COMMON_BLOCKS = YES;
				GCC_WARN_64_TO_32_BIT_CONVERSION = YES;
				GCC_WARN_ABOUT_RETURN_TYPE = YES_ERROR;
				GCC_WARN_UNDECLARED_SELECTOR = YES;
				GCC_WARN_UNINITIALIZED_AUTOS = YES_AGGRESSIVE;
				GCC_WARN_UNUSED_FUNCTION = YES;
				GCC_WARN_UNUSED_VARIABLE = YES;
				IPHONEOS_DEPLOYMENT_TARGET = 18.2;
				LOCALIZATION_PREFERS_STRING_CATALOGS = YES;
				MTL_ENABLE_DEBUG_INFO = NO;
				MTL_FAST_MATH = YES;
				SDKROOT = iphoneos;
				SWIFT_COMPILATION_MODE = wholemodule;
				VALIDATE_PRODUCT = YES;
			};
			name = Release;
		};
/* End XCBuildConfiguration section */

/* Begin XCConfigurationList section */
		087D3EE32DA7972C002F924D /* Build configuration list for PBXProject "MLS" */ = {
			isa = XCConfigurationList;
			buildConfigurations = (
				087D3EFE2DA7972D002F924D /* Debug */,
				087D3EFF2DA7972D002F924D /* Release */,
			);
			defaultConfigurationIsVisible = 0;
			defaultConfigurationName = Release;
		};
		087D3EFB2DA7972D002F924D /* Build configuration list for PBXNativeTarget "MLS" */ = {
			isa = XCConfigurationList;
			buildConfigurations = (
				087D3EFC2DA7972D002F924D /* Debug */,
				087D3EFD2DA7972D002F924D /* Release */,
			);
			defaultConfigurationIsVisible = 0;
			defaultConfigurationName = Release;
		};
/* End XCConfigurationList section */
	};
	rootObject = 087D3EE02DA7972C002F924D /* Project object */;
}
