// !$*UTF8*$!
{
	archiveVersion = 1;
	classes = {
	};
	objectVersion = 77;
	objects = {

/* Begin PBXBuildFile section */
		085A79E22DAD3DB80046663F /* MLSPresentation.framework in Frameworks */ = {isa = PBXBuildFile; fileRef = 085A79DE2DAD3DB10046663F /* MLSPresentation.framework */; };
		085A79E32DAD3DB80046663F /* MLSPresentation.framework in Embed Frameworks */ = {isa = PBXBuildFile; fileRef = 085A79DE2DAD3DB10046663F /* MLSPresentation.framework */; settings = {ATTRIBUTES = (CodeSignOnCopy, RemoveHeadersOnCopy, ); }; };
		085A79E52DAD3DBC0046663F /* MLSDomain.framework in Frameworks */ = {isa = PBXBuildFile; fileRef = 085A79DB2DAD3DB10046663F /* MLSDomain.framework */; };
		085A79E62DAD3DBC0046663F /* MLSDomain.framework in Embed Frameworks */ = {isa = PBXBuildFile; fileRef = 085A79DB2DAD3DB10046663F /* MLSDomain.framework */; settings = {ATTRIBUTES = (CodeSignOnCopy, RemoveHeadersOnCopy, ); }; };
		085A79E72DAD3DBF0046663F /* MLSData.framework in Frameworks */ = {isa = PBXBuildFile; fileRef = 085A79D82DAD3DB10046663F /* MLSData.framework */; };
		085A79E82DAD3DBF0046663F /* MLSData.framework in Embed Frameworks */ = {isa = PBXBuildFile; fileRef = 085A79D82DAD3DB10046663F /* MLSData.framework */; settings = {ATTRIBUTES = (CodeSignOnCopy, RemoveHeadersOnCopy, ); }; };
		085A7F752DAF99570046663F /* .swiftlint.yml in Resources */ = {isa = PBXBuildFile; fileRef = 085A7F742DAF99570046663F /* .swiftlint.yml */; };
/* End PBXBuildFile section */

/* Begin PBXContainerItemProxy section */
		085A79D72DAD3DB10046663F /* PBXContainerItemProxy */ = {
			isa = PBXContainerItemProxy;
			containerPortal = 08A9CF402DAD39130092E7E1 /* MLSData.xcodeproj */;
			proxyType = 2;
			remoteGlobalIDString = 08EBDADA2DAD379B0014DC9A;
			remoteInfo = MLSData;
		};
		085A79DA2DAD3DB10046663F /* PBXContainerItemProxy */ = {
			isa = PBXContainerItemProxy;
			containerPortal = 08A9CF382DAD39080092E7E1 /* MLSDomain.xcodeproj */;
			proxyType = 2;
			remoteGlobalIDString = 08EBDAB32DAD37350014DC9A;
			remoteInfo = MLSDomain;
		};
		085A79DD2DAD3DB10046663F /* PBXContainerItemProxy */ = {
			isa = PBXContainerItemProxy;
			containerPortal = 08A9CF302DAD38F20092E7E1 /* MLSPresentation.xcodeproj */;
			proxyType = 2;
			remoteGlobalIDString = 08EBDAF52DAD37D70014DC9A;
			remoteInfo = MLSPresentation;
		};
/* End PBXContainerItemProxy section */

/* Begin PBXCopyFilesBuildPhase section */
		085A79E42DAD3DB80046663F /* Embed Frameworks */ = {
			isa = PBXCopyFilesBuildPhase;
			buildActionMask = 2147483647;
			dstPath = "";
			dstSubfolderSpec = 10;
			files = (
				085A79E82DAD3DBF0046663F /* MLSData.framework in Embed Frameworks */,
				085A79E32DAD3DB80046663F /* MLSPresentation.framework in Embed Frameworks */,
				085A79E62DAD3DBC0046663F /* MLSDomain.framework in Embed Frameworks */,
			);
			name = "Embed Frameworks";
			runOnlyForDeploymentPostprocessing = 0;
		};
/* End PBXCopyFilesBuildPhase section */

/* Begin PBXFileReference section */
		080E8F9D2DAD38B80073E030 /* MLSPresentation.xcodeproj */ = {isa = PBXFileReference; lastKnownFileType = "wrapper.pb-project"; path = MLSPresentation.xcodeproj; sourceTree = "<group>"; };
		085A7F742DAF99570046663F /* .swiftlint.yml */ = {isa = PBXFileReference; lastKnownFileType = text.yaml; path = .swiftlint.yml; sourceTree = "<group>"; };
		087D3EE82DA7972C002F924D /* MLS.app */ = {isa = PBXFileReference; explicitFileType = wrapper.application; includeInIndex = 0; path = MLS.app; sourceTree = BUILT_PRODUCTS_DIR; };
		08A9CF302DAD38F20092E7E1 /* MLSPresentation.xcodeproj */ = {isa = PBXFileReference; lastKnownFileType = "wrapper.pb-project"; name = MLSPresentation.xcodeproj; path = MLSPresentation/MLSPresentation.xcodeproj; sourceTree = "<group>"; };
		08A9CF382DAD39080092E7E1 /* MLSDomain.xcodeproj */ = {isa = PBXFileReference; lastKnownFileType = "wrapper.pb-project"; name = MLSDomain.xcodeproj; path = MLSDomain/MLSDomain.xcodeproj; sourceTree = "<group>"; };
		08A9CF402DAD39130092E7E1 /* MLSData.xcodeproj */ = {isa = PBXFileReference; lastKnownFileType = "wrapper.pb-project"; name = MLSData.xcodeproj; path = MLSData/MLSData.xcodeproj; sourceTree = "<group>"; };
/* End PBXFileReference section */

/* Begin PBXFileSystemSynchronizedBuildFileExceptionSet section */
		087D3EFA2DA7972D002F924D /* Exceptions for "MLS" folder in "MLS" target */ = {
			isa = PBXFileSystemSynchronizedBuildFileExceptionSet;
			membershipExceptions = (
				Resource/Info.plist,
			);
			target = 087D3EE72DA7972C002F924D /* MLS */;
		};
/* End PBXFileSystemSynchronizedBuildFileExceptionSet section */

/* Begin PBXFileSystemSynchronizedRootGroup section */
		087D3EEA2DA7972C002F924D /* MLS */ = {
			isa = PBXFileSystemSynchronizedRootGroup;
			exceptions = (
				087D3EFA2DA7972D002F924D /* Exceptions for "MLS" folder in "MLS" target */,
			);
			path = MLS;
			sourceTree = "<group>";
		};
/* End PBXFileSystemSynchronizedRootGroup section */

/* Begin PBXFrameworksBuildPhase section */
		087D3EE52DA7972C002F924D /* Frameworks */ = {
			isa = PBXFrameworksBuildPhase;
			buildActionMask = 2147483647;
			files = (
				085A79E72DAD3DBF0046663F /* MLSData.framework in Frameworks */,
				085A79E22DAD3DB80046663F /* MLSPresentation.framework in Frameworks */,
				085A79E52DAD3DBC0046663F /* MLSDomain.framework in Frameworks */,
			);
			runOnlyForDeploymentPostprocessing = 0;
		};
/* End PBXFrameworksBuildPhase section */

/* Begin PBXGroup section */
		080E8F9E2DAD38B80073E030 /* Products */ = {
			isa = PBXGroup;
			children = (
			);
			name = Products;
			sourceTree = "<group>";
		};
		085A79D02DAD3DB10046663F /* Products */ = {
			isa = PBXGroup;
			children = (
				085A79DB2DAD3DB10046663F /* MLSDomain.framework */,
			);
			name = Products;
			sourceTree = "<group>";
		};
		085A79D22DAD3DB10046663F /* Products */ = {
			isa = PBXGroup;
			children = (
				085A79DE2DAD3DB10046663F /* MLSPresentation.framework */,
			);
			name = Products;
			sourceTree = "<group>";
		};
		087D3EDF2DA7972C002F924D = {
			isa = PBXGroup;
			children = (
				085A7F742DAF99570046663F /* .swiftlint.yml */,
				087D3EEA2DA7972C002F924D /* MLS */,
				08A9CF302DAD38F20092E7E1 /* MLSPresentation.xcodeproj */,
				08A9CF382DAD39080092E7E1 /* MLSDomain.xcodeproj */,
				08A9CF402DAD39130092E7E1 /* MLSData.xcodeproj */,
				087D3EE92DA7972C002F924D /* Products */,
			);
			sourceTree = "<group>";
		};
		087D3EE92DA7972C002F924D /* Products */ = {
			isa = PBXGroup;
			children = (
				087D3EE82DA7972C002F924D /* MLS.app */,
			);
			name = Products;
			sourceTree = "<group>";
		};
		08A9CF412DAD39130092E7E1 /* Products */ = {
			isa = PBXGroup;
			children = (
				085A79D82DAD3DB10046663F /* MLSData.framework */,
			);
			name = Products;
			sourceTree = "<group>";
		};
/* End PBXGroup section */

/* Begin PBXNativeTarget section */
		087D3EE72DA7972C002F924D /* MLS */ = {
			isa = PBXNativeTarget;
			buildConfigurationList = 087D3EFB2DA7972D002F924D /* Build configuration list for PBXNativeTarget "MLS" */;
			buildPhases = (
				085A7F722DAF98B30046663F /* ShellScript */,
				087D3EE42DA7972C002F924D /* Sources */,
				087D3EE52DA7972C002F924D /* Frameworks */,
				087D3EE62DA7972C002F924D /* Resources */,
				085A79E42DAD3DB80046663F /* Embed Frameworks */,
			);
			buildRules = (
			);
			dependencies = (
			);
			fileSystemSynchronizedGroups = (
				087D3EEA2DA7972C002F924D /* MLS */,
			);
			name = MLS;
			packageProductDependencies = (
			);
			productName = MLS;
			productReference = 087D3EE82DA7972C002F924D /* MLS.app */;
			productType = "com.apple.product-type.application";
		};
/* End PBXNativeTarget section */

/* Begin PBXProject section */
		087D3EE02DA7972C002F924D /* Project object */ = {
			isa = PBXProject;
			attributes = {
				BuildIndependentTargetsInParallel = 1;
				LastSwiftUpdateCheck = 1620;
				LastUpgradeCheck = 1620;
				TargetAttributes = {
					087D3EE72DA7972C002F924D = {
						CreatedOnToolsVersion = 16.2;
					};
				};
			};
			buildConfigurationList = 087D3EE32DA7972C002F924D /* Build configuration list for PBXProject "MLS" */;
			developmentRegion = en;
			hasScannedForEncodings = 0;
			knownRegions = (
				en,
				Base,
			);
			mainGroup = 087D3EDF2DA7972C002F924D;
			minimizedProjectReferenceProxies = 1;
			packageReferences = (
			);
			preferredProjectObjectVersion = 77;
			productRefGroup = 087D3EE92DA7972C002F924D /* Products */;
			projectDirPath = "";
			projectReferences = (
				{
					ProductGroup = 08A9CF412DAD39130092E7E1 /* Products */;
					ProjectRef = 08A9CF402DAD39130092E7E1 /* MLSData.xcodeproj */;
				},
				{
					ProductGroup = 085A79D02DAD3DB10046663F /* Products */;
					ProjectRef = 08A9CF382DAD39080092E7E1 /* MLSDomain.xcodeproj */;
				},
				{
					ProductGroup = 080E8F9E2DAD38B80073E030 /* Products */;
					ProjectRef = 080E8F9D2DAD38B80073E030 /* MLSPresentation.xcodeproj */;
				},
				{
					ProductGroup = 085A79D22DAD3DB10046663F /* Products */;
					ProjectRef = 08A9CF302DAD38F20092E7E1 /* MLSPresentation.xcodeproj */;
				},
			);
			projectRoot = "";
			targets = (
				087D3EE72DA7972C002F924D /* MLS */,
			);
		};
/* End PBXProject section */

/* Begin PBXReferenceProxy section */
		085A79D82DAD3DB10046663F /* MLSData.framework */ = {
			isa = PBXReferenceProxy;
			fileType = wrapper.framework;
			path = MLSData.framework;
			remoteRef = 085A79D72DAD3DB10046663F /* PBXContainerItemProxy */;
			sourceTree = BUILT_PRODUCTS_DIR;
		};
		085A79DB2DAD3DB10046663F /* MLSDomain.framework */ = {
			isa = PBXReferenceProxy;
			fileType = wrapper.framework;
			path = MLSDomain.framework;
			remoteRef = 085A79DA2DAD3DB10046663F /* PBXContainerItemProxy */;
			sourceTree = BUILT_PRODUCTS_DIR;
		};
		085A79DE2DAD3DB10046663F /* MLSPresentation.framework */ = {
			isa = PBXReferenceProxy;
			fileType = wrapper.framework;
			path = MLSPresentation.framework;
			remoteRef = 085A79DD2DAD3DB10046663F /* PBXContainerItemProxy */;
			sourceTree = BUILT_PRODUCTS_DIR;
		};
/* End PBXReferenceProxy section */

/* Begin PBXResourcesBuildPhase section */
		087D3EE62DA7972C002F924D /* Resources */ = {
			isa = PBXResourcesBuildPhase;
			buildActionMask = 2147483647;
			files = (
				085A7F752DAF99570046663F /* .swiftlint.yml in Resources */,
			);
			runOnlyForDeploymentPostprocessing = 0;
		};
/* End PBXResourcesBuildPhase section */

/* Begin PBXShellScriptBuildPhase section */
		085A7F722DAF98B30046663F /* ShellScript */ = {
			isa = PBXShellScriptBuildPhase;
			alwaysOutOfDate = 1;
			buildActionMask = 2147483647;
			files = (
			);
			inputFileListPaths = (
			);
			inputPaths = (
			);
			outputFileListPaths = (
			);
			outputPaths = (
			);
			runOnlyForDeploymentPostprocessing = 0;
			shellPath = /bin/sh;
			shellScript = "export PATH=\"$PATH:/opt/homebrew/bin\"\nif which swiftlint >/dev/null; then\n  swiftlint\nelse\n  echo \"warning: SwiftLint not installed, download from https://github.com/realm/SwiftLint\"\nfi\n";
		};
/* End PBXShellScriptBuildPhase section */

/* Begin PBXSourcesBuildPhase section */
		087D3EE42DA7972C002F924D /* Sources */ = {
			isa = PBXSourcesBuildPhase;
			buildActionMask = 2147483647;
			files = (
			);
			runOnlyForDeploymentPostprocessing = 0;
		};
/* End PBXSourcesBuildPhase section */

/* Begin XCBuildConfiguration section */
		087D3EFC2DA7972D002F924D /* Debug */ = {
			isa = XCBuildConfiguration;
			buildSettings = {
				ASSETCATALOG_COMPILER_APPICON_NAME = AppIcon;
				ASSETCATALOG_COMPILER_GLOBAL_ACCENT_COLOR_NAME = AccentColor;
				CODE_SIGN_STYLE = Automatic;
				CURRENT_PROJECT_VERSION = 1;
				GENERATE_INFOPLIST_FILE = YES;
				INFOPLIST_FILE = MLS/Resource/Info.plist;
				INFOPLIST_KEY_UIApplicationSupportsIndirectInputEvents = YES;
				INFOPLIST_KEY_UILaunchStoryboardName = LaunchScreen;
				INFOPLIST_KEY_UISupportedInterfaceOrientations_iPad = "UIInterfaceOrientationPortrait UIInterfaceOrientationPortraitUpsideDown UIInterfaceOrientationLandscapeLeft UIInterfaceOrientationLandscapeRight";
				INFOPLIST_KEY_UISupportedInterfaceOrientations_iPhone = "UIInterfaceOrientationPortrait UIInterfaceOrientationLandscapeLeft UIInterfaceOrientationLandscapeRight";
				LD_RUNPATH_SEARCH_PATHS = (
					"$(inherited)",
					"@executable_path/Frameworks",
				);
				MARKETING_VERSION = 1.0;
				PRODUCT_BUNDLE_IDENTIFIER = com.donggle.MLS;
				PRODUCT_NAME = "$(TARGET_NAME)";
				SWIFT_EMIT_LOC_STRINGS = YES;
				SWIFT_VERSION = 5.0;
				TARGETED_DEVICE_FAMILY = "1,2";
			};
			name = Debug;
		};
		087D3EFD2DA7972D002F924D /* Release */ = {
			isa = XCBuildConfiguration;
			buildSettings = {
				ASSETCATALOG_COMPILER_APPICON_NAME = AppIcon;
				ASSETCATALOG_COMPILER_GLOBAL_ACCENT_COLOR_NAME = AccentColor;
				CODE_SIGN_STYLE = Automatic;
				CURRENT_PROJECT_VERSION = 1;
				GENERATE_INFOPLIST_FILE = YES;
				INFOPLIST_FILE = MLS/Resource/Info.plist;
				INFOPLIST_KEY_UIApplicationSupportsIndirectInputEvents = YES;
				INFOPLIST_KEY_UILaunchStoryboardName = LaunchScreen;
				INFOPLIST_KEY_UISupportedInterfaceOrientations_iPad = "UIInterfaceOrientationPortrait UIInterfaceOrientationPortraitUpsideDown UIInterfaceOrientationLandscapeLeft UIInterfaceOrientationLandscapeRight";
				INFOPLIST_KEY_UISupportedInterfaceOrientations_iPhone = "UIInterfaceOrientationPortrait UIInterfaceOrientationLandscapeLeft UIInterfaceOrientationLandscapeRight";
				LD_RUNPATH_SEARCH_PATHS = (
					"$(inherited)",
					"@executable_path/Frameworks",
				);
				MARKETING_VERSION = 1.0;
				PRODUCT_BUNDLE_IDENTIFIER = com.donggle.MLS;
				PRODUCT_NAME = "$(TARGET_NAME)";
				SWIFT_EMIT_LOC_STRINGS = YES;
				SWIFT_VERSION = 5.0;
				TARGETED_DEVICE_FAMILY = "1,2";
			};
			name = Release;
		};
		087D3EFE2DA7972D002F924D /* Debug */ = {
			isa = XCBuildConfiguration;
			buildSettings = {
				ALWAYS_SEARCH_USER_PATHS = NO;
				ASSETCATALOG_COMPILER_GENERATE_SWIFT_ASSET_SYMBOL_EXTENSIONS = YES;
				CLANG_ANALYZER_NONNULL = YES;
				CLANG_ANALYZER_NUMBER_OBJECT_CONVERSION = YES_AGGRESSIVE;
				CLANG_CXX_LANGUAGE_STANDARD = "gnu++20";
				CLANG_ENABLE_MODULES = YES;
				CLANG_ENABLE_OBJC_ARC = YES;
				CLANG_ENABLE_OBJC_WEAK = YES;
				CLANG_WARN_BLOCK_CAPTURE_AUTORELEASING = YES;
				CLANG_WARN_BOOL_CONVERSION = YES;
				CLANG_WARN_COMMA = YES;
				CLANG_WARN_CONSTANT_CONVERSION = YES;
				CLANG_WARN_DEPRECATED_OBJC_IMPLEMENTATIONS = YES;
				CLANG_WARN_DIRECT_OBJC_ISA_USAGE = YES_ERROR;
				CLANG_WARN_DOCUMENTATION_COMMENTS = YES;
				CLANG_WARN_EMPTY_BODY = YES;
				CLANG_WARN_ENUM_CONVERSION = YES;
				CLANG_WARN_INFINITE_RECURSION = YES;
				CLANG_WARN_INT_CONVERSION = YES;
				CLANG_WARN_NON_LITERAL_NULL_CONVERSION = YES;
				CLANG_WARN_OBJC_IMPLICIT_RETAIN_SELF = YES;
				CLANG_WARN_OBJC_LITERAL_CONVERSION = YES;
				CLANG_WARN_OBJC_ROOT_CLASS = YES_ERROR;
				CLANG_WARN_QUOTED_INCLUDE_IN_FRAMEWORK_HEADER = YES;
				CLANG_WARN_RANGE_LOOP_ANALYSIS = YES;
				CLANG_WARN_STRICT_PROTOTYPES = YES;
				CLANG_WARN_SUSPICIOUS_MOVE = YES;
				CLANG_WARN_UNGUARDED_AVAILABILITY = YES_AGGRESSIVE;
				CLANG_WARN_UNREACHABLE_CODE = YES;
				CLANG_WARN__DUPLICATE_METHOD_MATCH = YES;
				COPY_PHASE_STRIP = NO;
				DEBUG_INFORMATION_FORMAT = dwarf;
				ENABLE_STRICT_OBJC_MSGSEND = YES;
				ENABLE_TESTABILITY = YES;
				ENABLE_USER_SCRIPT_SANDBOXING = NO;
				GCC_C_LANGUAGE_STANDARD = gnu17;
				GCC_DYNAMIC_NO_PIC = NO;
				GCC_NO_COMMON_BLOCKS = YES;
				GCC_OPTIMIZATION_LEVEL = 0;
				GCC_PREPROCESSOR_DEFINITIONS = (
					"DEBUG=1",
					"$(inherited)",
				);
				GCC_WARN_64_TO_32_BIT_CONVERSION = YES;
				GCC_WARN_ABOUT_RETURN_TYPE = YES_ERROR;
				GCC_WARN_UNDECLARED_SELECTOR = YES;
				GCC_WARN_UNINITIALIZED_AUTOS = YES_AGGRESSIVE;
				GCC_WARN_UNUSED_FUNCTION = YES;
				GCC_WARN_UNUSED_VARIABLE = YES;
				IPHONEOS_DEPLOYMENT_TARGET = 18.2;
				LOCALIZATION_PREFERS_STRING_CATALOGS = YES;
				MTL_ENABLE_DEBUG_INFO = INCLUDE_SOURCE;
				MTL_FAST_MATH = YES;
				ONLY_ACTIVE_ARCH = YES;
				SDKROOT = iphoneos;
				SWIFT_ACTIVE_COMPILATION_CONDITIONS = "DEBUG $(inherited)";
				SWIFT_OPTIMIZATION_LEVEL = "-Onone";
			};
			name = Debug;
		};
		087D3EFF2DA7972D002F924D /* Release */ = {
			isa = XCBuildConfiguration;
			buildSettings = {
				ALWAYS_SEARCH_USER_PATHS = NO;
				ASSETCATALOG_COMPILER_GENERATE_SWIFT_ASSET_SYMBOL_EXTENSIONS = YES;
				CLANG_ANALYZER_NONNULL = YES;
				CLANG_ANALYZER_NUMBER_OBJECT_CONVERSION = YES_AGGRESSIVE;
				CLANG_CXX_LANGUAGE_STANDARD = "gnu++20";
				CLANG_ENABLE_MODULES = YES;
				CLANG_ENABLE_OBJC_ARC = YES;
				CLANG_ENABLE_OBJC_WEAK = YES;
				CLANG_WARN_BLOCK_CAPTURE_AUTORELEASING = YES;
				CLANG_WARN_BOOL_CONVERSION = YES;
				CLANG_WARN_COMMA = YES;
				CLANG_WARN_CONSTANT_CONVERSION = YES;
				CLANG_WARN_DEPRECATED_OBJC_IMPLEMENTATIONS = YES;
				CLANG_WARN_DIRECT_OBJC_ISA_USAGE = YES_ERROR;
				CLANG_WARN_DOCUMENTATION_COMMENTS = YES;
				CLANG_WARN_EMPTY_BODY = YES;
				CLANG_WARN_ENUM_CONVERSION = YES;
				CLANG_WARN_INFINITE_RECURSION = YES;
				CLANG_WARN_INT_CONVERSION = YES;
				CLANG_WARN_NON_LITERAL_NULL_CONVERSION = YES;
				CLANG_WARN_OBJC_IMPLICIT_RETAIN_SELF = YES;
				CLANG_WARN_OBJC_LITERAL_CONVERSION = YES;
				CLANG_WARN_OBJC_ROOT_CLASS = YES_ERROR;
				CLANG_WARN_QUOTED_INCLUDE_IN_FRAMEWORK_HEADER = YES;
				CLANG_WARN_RANGE_LOOP_ANALYSIS = YES;
				CLANG_WARN_STRICT_PROTOTYPES = YES;
				CLANG_WARN_SUSPICIOUS_MOVE = YES;
				CLANG_WARN_UNGUARDED_AVAILABILITY = YES_AGGRESSIVE;
				CLANG_WARN_UNREACHABLE_CODE = YES;
				CLANG_WARN__DUPLICATE_METHOD_MATCH = YES;
				COPY_PHASE_STRIP = NO;
				DEBUG_INFORMATION_FORMAT = "dwarf-with-dsym";
				ENABLE_NS_ASSERTIONS = NO;
				ENABLE_STRICT_OBJC_MSGSEND = YES;
				ENABLE_USER_SCRIPT_SANDBOXING = NO;
				GCC_C_LANGUAGE_STANDARD = gnu17;
				GCC_NO_COMMON_BLOCKS = YES;
				GCC_WARN_64_TO_32_BIT_CONVERSION = YES;
				GCC_WARN_ABOUT_RETURN_TYPE = YES_ERROR;
				GCC_WARN_UNDECLARED_SELECTOR = YES;
				GCC_WARN_UNINITIALIZED_AUTOS = YES_AGGRESSIVE;
				GCC_WARN_UNUSED_FUNCTION = YES;
				GCC_WARN_UNUSED_VARIABLE = YES;
				IPHONEOS_DEPLOYMENT_TARGET = 18.2;
				LOCALIZATION_PREFERS_STRING_CATALOGS = YES;
				MTL_ENABLE_DEBUG_INFO = NO;
				MTL_FAST_MATH = YES;
				SDKROOT = iphoneos;
				SWIFT_COMPILATION_MODE = wholemodule;
				VALIDATE_PRODUCT = YES;
			};
			name = Release;
		};
/* End XCBuildConfiguration section */

/* Begin XCConfigurationList section */
		087D3EE32DA7972C002F924D /* Build configuration list for PBXProject "MLS" */ = {
			isa = XCConfigurationList;
			buildConfigurations = (
				087D3EFE2DA7972D002F924D /* Debug */,
				087D3EFF2DA7972D002F924D /* Release */,
			);
			defaultConfigurationIsVisible = 0;
			defaultConfigurationName = Release;
		};
		087D3EFB2DA7972D002F924D /* Build configuration list for PBXNativeTarget "MLS" */ = {
			isa = XCConfigurationList;
			buildConfigurations = (
				087D3EFC2DA7972D002F924D /* Debug */,
				087D3EFD2DA7972D002F924D /* Release */,
			);
			defaultConfigurationIsVisible = 0;
			defaultConfigurationName = Release;
		};
/* End XCConfigurationList section */
	};
	rootObject = 087D3EE02DA7972C002F924D /* Project object */;
}
